
Microsoft Visual Studio Solution File, Format Version 12.00
# Visual Studio 15
VisualStudioVersion = 15.0.27703.2035
MinimumVisualStudioVersion = 10.0.40219.1
Project("{FAE04EC0-301F-11D3-BF4B-00C04F79EFBC}") = "Metodo Burbuja", "Metodo Burbuja\Metodo Burbuja.csproj", "{F1AB781D-4102-4D06-AC83-EE37B9E2BEBB}"
EndProject
Global
	GlobalSection(SolutionConfigurationPlatforms) = preSolution
		Debug|Any CPU = Debug|Any CPU
		Release|Any CPU = Release|Any CPU
	EndGlobalSection
	GlobalSection(ProjectConfigurationPlatforms) = postSolution
		{F1AB781D-4102-4D06-AC83-EE37B9E2BEBB}.Debug|Any CPU.ActiveCfg = Debug|Any CPU
		{F1AB781D-4102-4D06-AC83-EE37B9E2BEBB}.Debug|Any CPU.Build.0 = Debug|Any CPU
		{F1AB781D-4102-4D06-AC83-EE37B9E2BEBB}.Release|Any CPU.ActiveCfg = Release|Any CPU
		{F1AB781D-4102-4D06-AC83-EE37B9E2BEBB}.Release|Any CPU.Build.0 = Release|Any CPU
	EndGlobalSection
	GlobalSection(SolutionProperties) = preSolution
		HideSolutionNode = FALSE
	EndGlobalSection
	GlobalSection(ExtensibilityGlobals) = postSolution
		SolutionGuid = {96F21159-8C6E-496C-B6FD-86FD071D2E0E}
	EndGlobalSection
EndGlobal
